
Microsoft Visual Studio Solution File, Format Version 12.00
# Visual Studio Version 16
VisualStudioVersion = 16.0.29728.190
MinimumVisualStudioVersion = 10.0.40219.1
Project("{FAE04EC0-301F-11D3-BF4B-00C04F79EFBC}") = "askaLib.Line.Notify", "askaLib.Line.Notify\askaLib.Line.Notify.csproj", "{5C0ABA5A-FF02-4EC5-B018-E21A2C8B2D25}"
EndProject
Global
	GlobalSection(SolutionConfigurationPlatforms) = preSolution
		Debug|Any CPU = Debug|Any CPU
		Release|Any CPU = Release|Any CPU
	EndGlobalSection
	GlobalSection(ProjectConfigurationPlatforms) = postSolution
		{5C0ABA5A-FF02-4EC5-B018-E21A2C8B2D25}.Debug|Any CPU.ActiveCfg = Debug|Any CPU
		{5C0ABA5A-FF02-4EC5-B018-E21A2C8B2D25}.Debug|Any CPU.Build.0 = Debug|Any CPU
		{5C0ABA5A-FF02-4EC5-B018-E21A2C8B2D25}.Release|Any CPU.ActiveCfg = Release|Any CPU
		{5C0ABA5A-FF02-4EC5-B018-E21A2C8B2D25}.Release|Any CPU.Build.0 = Release|Any CPU
	EndGlobalSection
	GlobalSection(SolutionProperties) = preSolution
		HideSolutionNode = FALSE
	EndGlobalSection
	GlobalSection(ExtensibilityGlobals) = postSolution
		SolutionGuid = {F0D6B94F-C190-4AB4-9F61-99E1E291776B}
	EndGlobalSection
EndGlobal
